
Microsoft Visual Studio Solution File, Format Version 12.00
# Visual Studio Version 16
VisualStudioVersion = 16.0.30907.101
MinimumVisualStudioVersion = 10.0.40219.1
Project("{9A19103F-16F7-4668-BE54-9A1E7A4F7556}") = "SimpsonsIntegral23032021", "SimpsonsIntegral23032021.csproj", "{47687747-2BAB-42DD-8D2D-8831235A31FF}"
EndProject
Global
	GlobalSection(SolutionConfigurationPlatforms) = preSolution
		Debug|Any CPU = Debug|Any CPU
		Release|Any CPU = Release|Any CPU
	EndGlobalSection
	GlobalSection(ProjectConfigurationPlatforms) = postSolution
		{47687747-2BAB-42DD-8D2D-8831235A31FF}.Debug|Any CPU.ActiveCfg = Debug|Any CPU
		{47687747-2BAB-42DD-8D2D-8831235A31FF}.Debug|Any CPU.Build.0 = Debug|Any CPU
		{47687747-2BAB-42DD-8D2D-8831235A31FF}.Release|Any CPU.ActiveCfg = Release|Any CPU
		{47687747-2BAB-42DD-8D2D-8831235A31FF}.Release|Any CPU.Build.0 = Release|Any CPU
	EndGlobalSection
	GlobalSection(SolutionProperties) = preSolution
		HideSolutionNode = FALSE
	EndGlobalSection
	GlobalSection(ExtensibilityGlobals) = postSolution
		SolutionGuid = {A2718F92-6D97-4521-8F7B-66C2692F9D92}
	EndGlobalSection
EndGlobal
